
Microsoft Visual Studio Solution File, Format Version 12.00
# Visual Studio Version 16
VisualStudioVersion = 16.0.32802.440
MinimumVisualStudioVersion = 10.0.40219.1
Project("{2150E333-8FDC-42A3-9474-1A3956D46DE8}") = "Notes", "Notes", "{0281F826-5529-4B35-8FD1-0802D4DE50D3}"
	ProjectSection(SolutionItems) = preProject
		Notes\Architecture.txt = Notes\Architecture.txt
		Notes\Improvements.txt = Notes\Improvements.txt
		Notes\M3_fileformats.txt = Notes\M3_fileformats.txt
		Notes\M4b_fileformat.txt = Notes\M4b_fileformat.txt
		Notes\RegistryFormat.xml = Notes\RegistryFormat.xml
	EndProjectSection
EndProject
Project("{FAE04EC0-301F-11D3-BF4B-00C04F79EFBC}") = "MYSTERAssetExplorer", "MYSTERAssetExplorer\MYSTERAssetExplorer.csproj", "{4C8F15E9-7AB0-4220-8E4E-7CB241DCA561}"
EndProject
Global
	GlobalSection(SolutionConfigurationPlatforms) = preSolution
		Debug|Any CPU = Debug|Any CPU
		Release|Any CPU = Release|Any CPU
	EndGlobalSection
	GlobalSection(ProjectConfigurationPlatforms) = postSolution
		{4C8F15E9-7AB0-4220-8E4E-7CB241DCA561}.Debug|Any CPU.ActiveCfg = Debug|Any CPU
		{4C8F15E9-7AB0-4220-8E4E-7CB241DCA561}.Debug|Any CPU.Build.0 = Debug|Any CPU
		{4C8F15E9-7AB0-4220-8E4E-7CB241DCA561}.Release|Any CPU.ActiveCfg = Release|Any CPU
		{4C8F15E9-7AB0-4220-8E4E-7CB241DCA561}.Release|Any CPU.Build.0 = Release|Any CPU
	EndGlobalSection
	GlobalSection(SolutionProperties) = preSolution
		HideSolutionNode = FALSE
	EndGlobalSection
	GlobalSection(ExtensibilityGlobals) = postSolution
		SolutionGuid = {0F68429B-A889-4366-A35A-70835B189442}
	EndGlobalSection
EndGlobal
